
Microsoft Visual Studio Solution File, Format Version 12.00
# Visual Studio Version 16
VisualStudioVersion = 16.0.31911.196
MinimumVisualStudioVersion = 10.0.40219.1
Project("{FAE04EC0-301F-11D3-BF4B-00C04F79EFBC}") = "SiteEcommerce", "SiteEcommerce\SiteEcommerce.csproj", "{12553C82-A721-4C38-855F-A9178818F4B8}"
EndProject
Project("{FAE04EC0-301F-11D3-BF4B-00C04F79EFBC}") = "Repository", "Repository\Repository.csproj", "{E08E9407-3200-48EB-8BD0-774FF84DB8AD}"
EndProject
Project("{FAE04EC0-301F-11D3-BF4B-00C04F79EFBC}") = "Services", "Services\Services.csproj", "{95B2B1E0-B57D-424F-94EB-058E2A1B3C8C}"
EndProject
Project("{FAE04EC0-301F-11D3-BF4B-00C04F79EFBC}") = "Utils", "Utils\Utils.csproj", "{0DE5F3D8-9D6E-4413-83C8-FB4AB42B87DF}"
EndProject
Project("{FAE04EC0-301F-11D3-BF4B-00C04F79EFBC}") = "TestesUnitarios", "TestesUnitarios\TestesUnitarios.csproj", "{8F2487AC-4299-4D67-A2B1-438E6B8D258B}"
EndProject
Global
	GlobalSection(SolutionConfigurationPlatforms) = preSolution
		Debug|Any CPU = Debug|Any CPU
		Release|Any CPU = Release|Any CPU
	EndGlobalSection
	GlobalSection(ProjectConfigurationPlatforms) = postSolution
		{12553C82-A721-4C38-855F-A9178818F4B8}.Debug|Any CPU.ActiveCfg = Debug|Any CPU
		{12553C82-A721-4C38-855F-A9178818F4B8}.Debug|Any CPU.Build.0 = Debug|Any CPU
		{12553C82-A721-4C38-855F-A9178818F4B8}.Release|Any CPU.ActiveCfg = Release|Any CPU
		{12553C82-A721-4C38-855F-A9178818F4B8}.Release|Any CPU.Build.0 = Release|Any CPU
		{E08E9407-3200-48EB-8BD0-774FF84DB8AD}.Debug|Any CPU.ActiveCfg = Debug|Any CPU
		{E08E9407-3200-48EB-8BD0-774FF84DB8AD}.Debug|Any CPU.Build.0 = Debug|Any CPU
		{E08E9407-3200-48EB-8BD0-774FF84DB8AD}.Release|Any CPU.ActiveCfg = Release|Any CPU
		{E08E9407-3200-48EB-8BD0-774FF84DB8AD}.Release|Any CPU.Build.0 = Release|Any CPU
		{95B2B1E0-B57D-424F-94EB-058E2A1B3C8C}.Debug|Any CPU.ActiveCfg = Debug|Any CPU
		{95B2B1E0-B57D-424F-94EB-058E2A1B3C8C}.Debug|Any CPU.Build.0 = Debug|Any CPU
		{95B2B1E0-B57D-424F-94EB-058E2A1B3C8C}.Release|Any CPU.ActiveCfg = Release|Any CPU
		{95B2B1E0-B57D-424F-94EB-058E2A1B3C8C}.Release|Any CPU.Build.0 = Release|Any CPU
		{0DE5F3D8-9D6E-4413-83C8-FB4AB42B87DF}.Debug|Any CPU.ActiveCfg = Debug|Any CPU
		{0DE5F3D8-9D6E-4413-83C8-FB4AB42B87DF}.Debug|Any CPU.Build.0 = Debug|Any CPU
		{0DE5F3D8-9D6E-4413-83C8-FB4AB42B87DF}.Release|Any CPU.ActiveCfg = Release|Any CPU
		{0DE5F3D8-9D6E-4413-83C8-FB4AB42B87DF}.Release|Any CPU.Build.0 = Release|Any CPU
		{8F2487AC-4299-4D67-A2B1-438E6B8D258B}.Debug|Any CPU.ActiveCfg = Debug|Any CPU
		{8F2487AC-4299-4D67-A2B1-438E6B8D258B}.Debug|Any CPU.Build.0 = Debug|Any CPU
		{8F2487AC-4299-4D67-A2B1-438E6B8D258B}.Release|Any CPU.ActiveCfg = Release|Any CPU
		{8F2487AC-4299-4D67-A2B1-438E6B8D258B}.Release|Any CPU.Build.0 = Release|Any CPU
	EndGlobalSection
	GlobalSection(SolutionProperties) = preSolution
		HideSolutionNode = FALSE
	EndGlobalSection
	GlobalSection(ExtensibilityGlobals) = postSolution
		SolutionGuid = {3F8C89D2-D66F-4920-B444-182340A548C9}
	EndGlobalSection
EndGlobal
